
Microsoft Visual Studio Solution File, Format Version 12.00
# Visual Studio 14
VisualStudioVersion = 14.0.25420.1
MinimumVisualStudioVersion = 10.0.40219.1
Project("{FAE04EC0-301F-11D3-BF4B-00C04F79EFBC}") = "VegiSensXamarin.Droid", "VegiSensXamarin\VegiSensXamarin.Droid\VegiSensXamarin.Droid.csproj", "{67CB2029-FB8C-46CB-870F-7E6C8FBA95F9}"
EndProject
Project("{FAE04EC0-301F-11D3-BF4B-00C04F79EFBC}") = "VegiSensXamarin.iOS", "VegiSensXamarin\VegiSensXamarin.iOS\VegiSensXamarin.iOS.csproj", "{7C5A91B4-141C-4815-A6BF-E0A65FF80671}"
EndProject
Project("{FAE04EC0-301F-11D3-BF4B-00C04F79EFBC}") = "VegiSensXamarin.WinPhone", "VegiSensXamarin\VegiSensXamarin.WinPhone\VegiSensXamarin.WinPhone.csproj", "{850A1CBD-2637-4921-B54D-ECD5469A701F}"
EndProject
Project("{FAE04EC0-301F-11D3-BF4B-00C04F79EFBC}") = "VegiSensXamarin.UWP", "VegiSensXamarin\VegiSensXamarin.UWP\VegiSensXamarin.UWP.csproj", "{33E6F830-AC21-4224-8BDB-98FF4D7C5344}"
EndProject
Project("{FAE04EC0-301F-11D3-BF4B-00C04F79EFBC}") = "VegiSensXamarin.Windows", "VegiSensXamarin\VegiSensXamarin.Windows\VegiSensXamarin.Windows.csproj", "{5AA6B4F0-F30B-412C-B504-69D128502F7A}"
EndProject
Project("{FAE04EC0-301F-11D3-BF4B-00C04F79EFBC}") = "VegiSensXamarin", "VegiSensXamarin\VegiSensXamarin\VegiSensXamarin.csproj", "{914CD97C-92CB-460C-8046-BC3305DFC6C2}"
EndProject
Global
	GlobalSection(SolutionConfigurationPlatforms) = preSolution
		Ad-Hoc|Any CPU = Ad-Hoc|Any CPU
		Ad-Hoc|ARM = Ad-Hoc|ARM
		Ad-Hoc|iPhone = Ad-Hoc|iPhone
		Ad-Hoc|iPhoneSimulator = Ad-Hoc|iPhoneSimulator
		Ad-Hoc|x64 = Ad-Hoc|x64
		Ad-Hoc|x86 = Ad-Hoc|x86
		AppStore|Any CPU = AppStore|Any CPU
		AppStore|ARM = AppStore|ARM
		AppStore|iPhone = AppStore|iPhone
		AppStore|iPhoneSimulator = AppStore|iPhoneSimulator
		AppStore|x64 = AppStore|x64
		AppStore|x86 = AppStore|x86
		Debug|Any CPU = Debug|Any CPU
		Debug|ARM = Debug|ARM
		Debug|iPhone = Debug|iPhone
		Debug|iPhoneSimulator = Debug|iPhoneSimulator
		Debug|x64 = Debug|x64
		Debug|x86 = Debug|x86
		Release|Any CPU = Release|Any CPU
		Release|ARM = Release|ARM
		Release|iPhone = Release|iPhone
		Release|iPhoneSimulator = Release|iPhoneSimulator
		Release|x64 = Release|x64
		Release|x86 = Release|x86
	EndGlobalSection
	GlobalSection(ProjectConfigurationPlatforms) = postSolution
		{67CB2029-FB8C-46CB-870F-7E6C8FBA95F9}.Ad-Hoc|Any CPU.ActiveCfg = Release|Any CPU
		{67CB2029-FB8C-46CB-870F-7E6C8FBA95F9}.Ad-Hoc|Any CPU.Build.0 = Release|Any CPU
		{67CB2029-FB8C-46CB-870F-7E6C8FBA95F9}.Ad-Hoc|Any CPU.Deploy.0 = Release|Any CPU
		{67CB2029-FB8C-46CB-870F-7E6C8FBA95F9}.Ad-Hoc|ARM.ActiveCfg = Release|Any CPU
		{67CB2029-FB8C-46CB-870F-7E6C8FBA95F9}.Ad-Hoc|ARM.Build.0 = Release|Any CPU
		{67CB2029-FB8C-46CB-870F-7E6C8FBA95F9}.Ad-Hoc|ARM.Deploy.0 = Release|Any CPU
		{67CB2029-FB8C-46CB-870F-7E6C8FBA95F9}.Ad-Hoc|iPhone.ActiveCfg = Release|Any CPU
		{67CB2029-FB8C-46CB-870F-7E6C8FBA95F9}.Ad-Hoc|iPhone.Build.0 = Release|Any CPU
		{67CB2029-FB8C-46CB-870F-7E6C8FBA95F9}.Ad-Hoc|iPhone.Deploy.0 = Release|Any CPU
		{67CB2029-FB8C-46CB-870F-7E6C8FBA95F9}.Ad-Hoc|iPhoneSimulator.ActiveCfg = Release|Any CPU
		{67CB2029-FB8C-46CB-870F-7E6C8FBA95F9}.Ad-Hoc|iPhoneSimulator.Build.0 = Release|Any CPU
		{67CB2029-FB8C-46CB-870F-7E6C8FBA95F9}.Ad-Hoc|iPhoneSimulator.Deploy.0 = Release|Any CPU
		{67CB2029-FB8C-46CB-870F-7E6C8FBA95F9}.Ad-Hoc|x64.ActiveCfg = Release|Any CPU
		{67CB2029-FB8C-46CB-870F-7E6C8FBA95F9}.Ad-Hoc|x64.Build.0 = Release|Any CPU
		{67CB2029-FB8C-46CB-870F-7E6C8FBA95F9}.Ad-Hoc|x64.Deploy.0 = Release|Any CPU
		{67CB2029-FB8C-46CB-870F-7E6C8FBA95F9}.Ad-Hoc|x86.ActiveCfg = Release|Any CPU
		{67CB2029-FB8C-46CB-870F-7E6C8FBA95F9}.Ad-Hoc|x86.Build.0 = Release|Any CPU
		{67CB2029-FB8C-46CB-870F-7E6C8FBA95F9}.Ad-Hoc|x86.Deploy.0 = Release|Any CPU
		{67CB2029-FB8C-46CB-870F-7E6C8FBA95F9}.AppStore|Any CPU.ActiveCfg = Release|Any CPU
		{67CB2029-FB8C-46CB-870F-7E6C8FBA95F9}.AppStore|Any CPU.Build.0 = Release|Any CPU
		{67CB2029-FB8C-46CB-870F-7E6C8FBA95F9}.AppStore|Any CPU.Deploy.0 = Release|Any CPU
		{67CB2029-FB8C-46CB-870F-7E6C8FBA95F9}.AppStore|ARM.ActiveCfg = Release|Any CPU
		{67CB2029-FB8C-46CB-870F-7E6C8FBA95F9}.AppStore|ARM.Build.0 = Release|Any CPU
		{67CB2029-FB8C-46CB-870F-7E6C8FBA95F9}.AppStore|ARM.Deploy.0 = Release|Any CPU
		{67CB2029-FB8C-46CB-870F-7E6C8FBA95F9}.AppStore|iPhone.ActiveCfg = Release|Any CPU
		{67CB2029-FB8C-46CB-870F-7E6C8FBA95F9}.AppStore|iPhone.Build.0 = Release|Any CPU
		{67CB2029-FB8C-46CB-870F-7E6C8FBA95F9}.AppStore|iPhone.Deploy.0 = Release|Any CPU
		{67CB2029-FB8C-46CB-870F-7E6C8FBA95F9}.AppStore|iPhoneSimulator.ActiveCfg = Release|Any CPU
		{67CB2029-FB8C-46CB-870F-7E6C8FBA95F9}.AppStore|iPhoneSimulator.Build.0 = Release|Any CPU
		{67CB2029-FB8C-46CB-870F-7E6C8FBA95F9}.AppStore|iPhoneSimulator.Deploy.0 = Release|Any CPU
		{67CB2029-FB8C-46CB-870F-7E6C8FBA95F9}.AppStore|x64.ActiveCfg = Release|Any CPU
		{67CB2029-FB8C-46CB-870F-7E6C8FBA95F9}.AppStore|x64.Build.0 = Release|Any CPU
		{67CB2029-FB8C-46CB-870F-7E6C8FBA95F9}.AppStore|x64.Deploy.0 = Release|Any CPU
		{67CB2029-FB8C-46CB-870F-7E6C8FBA95F9}.AppStore|x86.ActiveCfg = Release|Any CPU
		{67CB2029-FB8C-46CB-870F-7E6C8FBA95F9}.AppStore|x86.Build.0 = Release|Any CPU
		{67CB2029-FB8C-46CB-870F-7E6C8FBA95F9}.AppStore|x86.Deploy.0 = Release|Any CPU
		{67CB2029-FB8C-46CB-870F-7E6C8FBA95F9}.Debug|Any CPU.ActiveCfg = Debug|Any CPU
		{67CB2029-FB8C-46CB-870F-7E6C8FBA95F9}.Debug|Any CPU.Build.0 = Debug|Any CPU
		{67CB2029-FB8C-46CB-870F-7E6C8FBA95F9}.Debug|Any CPU.Deploy.0 = Debug|Any CPU
		{67CB2029-FB8C-46CB-870F-7E6C8FBA95F9}.Debug|ARM.ActiveCfg = Debug|Any CPU
		{67CB2029-FB8C-46CB-870F-7E6C8FBA95F9}.Debug|ARM.Build.0 = Debug|Any CPU
		{67CB2029-FB8C-46CB-870F-7E6C8FBA95F9}.Debug|ARM.Deploy.0 = Debug|Any CPU
		{67CB2029-FB8C-46CB-870F-7E6C8FBA95F9}.Debug|iPhone.ActiveCfg = Debug|Any CPU
		{67CB2029-FB8C-46CB-870F-7E6C8FBA95F9}.Debug|iPhone.Build.0 = Debug|Any CPU
		{67CB2029-FB8C-46CB-870F-7E6C8FBA95F9}.Debug|iPhone.Deploy.0 = Debug|Any CPU
		{67CB2029-FB8C-46CB-870F-7E6C8FBA95F9}.Debug|iPhoneSimulator.ActiveCfg = Debug|Any CPU
		{67CB2029-FB8C-46CB-870F-7E6C8FBA95F9}.Debug|iPhoneSimulator.Build.0 = Debug|Any CPU
		{67CB2029-FB8C-46CB-870F-7E6C8FBA95F9}.Debug|iPhoneSimulator.Deploy.0 = Debug|Any CPU
		{67CB2029-FB8C-46CB-870F-7E6C8FBA95F9}.Debug|x64.ActiveCfg = Debug|Any CPU
		{67CB2029-FB8C-46CB-870F-7E6C8FBA95F9}.Debug|x64.Build.0 = Debug|Any CPU
		{67CB2029-FB8C-46CB-870F-7E6C8FBA95F9}.Debug|x64.Deploy.0 = Debug|Any CPU
		{67CB2029-FB8C-46CB-870F-7E6C8FBA95F9}.Debug|x86.ActiveCfg = Debug|Any CPU
		{67CB2029-FB8C-46CB-870F-7E6C8FBA95F9}.Debug|x86.Build.0 = Debug|Any CPU
		{67CB2029-FB8C-46CB-870F-7E6C8FBA95F9}.Debug|x86.Deploy.0 = Debug|Any CPU
		{67CB2029-FB8C-46CB-870F-7E6C8FBA95F9}.Release|Any CPU.ActiveCfg = Release|Any CPU
		{67CB2029-FB8C-46CB-870F-7E6C8FBA95F9}.Release|Any CPU.Build.0 = Release|Any CPU
		{67CB2029-FB8C-46CB-870F-7E6C8FBA95F9}.Release|Any CPU.Deploy.0 = Release|Any CPU
		{67CB2029-FB8C-46CB-870F-7E6C8FBA95F9}.Release|ARM.ActiveCfg = Release|Any CPU
		{67CB2029-FB8C-46CB-870F-7E6C8FBA95F9}.Release|ARM.Build.0 = Release|Any CPU
		{67CB2029-FB8C-46CB-870F-7E6C8FBA95F9}.Release|ARM.Deploy.0 = Release|Any CPU
		{67CB2029-FB8C-46CB-870F-7E6C8FBA95F9}.Release|iPhone.ActiveCfg = Release|Any CPU
		{67CB2029-FB8C-46CB-870F-7E6C8FBA95F9}.Release|iPhone.Build.0 = Release|Any CPU
		{67CB2029-FB8C-46CB-870F-7E6C8FBA95F9}.Release|iPhone.Deploy.0 = Release|Any CPU
		{67CB2029-FB8C-46CB-870F-7E6C8FBA95F9}.Release|iPhoneSimulator.ActiveCfg = Release|Any CPU
		{67CB2029-FB8C-46CB-870F-7E6C8FBA95F9}.Release|iPhoneSimulator.Build.0 = Release|Any CPU
		{67CB2029-FB8C-46CB-870F-7E6C8FBA95F9}.Release|iPhoneSimulator.Deploy.0 = Release|Any CPU
		{67CB2029-FB8C-46CB-870F-7E6C8FBA95F9}.Release|x64.ActiveCfg = Release|Any CPU
		{67CB2029-FB8C-46CB-870F-7E6C8FBA95F9}.Release|x64.Build.0 = Release|Any CPU
		{67CB2029-FB8C-46CB-870F-7E6C8FBA95F9}.Release|x64.Deploy.0 = Release|Any CPU
		{67CB2029-FB8C-46CB-870F-7E6C8FBA95F9}.Release|x86.ActiveCfg = Release|Any CPU
		{67CB2029-FB8C-46CB-870F-7E6C8FBA95F9}.Release|x86.Build.0 = Release|Any CPU
		{67CB2029-FB8C-46CB-870F-7E6C8FBA95F9}.Release|x86.Deploy.0 = Release|Any CPU
		{7C5A91B4-141C-4815-A6BF-E0A65FF80671}.Ad-Hoc|Any CPU.ActiveCfg = Ad-Hoc|iPhone
		{7C5A91B4-141C-4815-A6BF-E0A65FF80671}.Ad-Hoc|ARM.ActiveCfg = Ad-Hoc|iPhone
		{7C5A91B4-141C-4815-A6BF-E0A65FF80671}.Ad-Hoc|iPhone.ActiveCfg = Ad-Hoc|iPhone
		{7C5A91B4-141C-4815-A6BF-E0A65FF80671}.Ad-Hoc|iPhone.Build.0 = Ad-Hoc|iPhone
		{7C5A91B4-141C-4815-A6BF-E0A65FF80671}.Ad-Hoc|iPhoneSimulator.ActiveCfg = Ad-Hoc|iPhoneSimulator
		{7C5A91B4-141C-4815-A6BF-E0A65FF80671}.Ad-Hoc|iPhoneSimulator.Build.0 = Ad-Hoc|iPhoneSimulator
		{7C5A91B4-141C-4815-A6BF-E0A65FF80671}.Ad-Hoc|x64.ActiveCfg = Ad-Hoc|iPhone
		{7C5A91B4-141C-4815-A6BF-E0A65FF80671}.Ad-Hoc|x86.ActiveCfg = Ad-Hoc|iPhone
		{7C5A91B4-141C-4815-A6BF-E0A65FF80671}.AppStore|Any CPU.ActiveCfg = AppStore|iPhone
		{7C5A91B4-141C-4815-A6BF-E0A65FF80671}.AppStore|ARM.ActiveCfg = AppStore|iPhone
		{7C5A91B4-141C-4815-A6BF-E0A65FF80671}.AppStore|iPhone.ActiveCfg = AppStore|iPhone
		{7C5A91B4-141C-4815-A6BF-E0A65FF80671}.AppStore|iPhone.Build.0 = AppStore|iPhone
		{7C5A91B4-141C-4815-A6BF-E0A65FF80671}.AppStore|iPhoneSimulator.ActiveCfg = AppStore|iPhoneSimulator
		{7C5A91B4-141C-4815-A6BF-E0A65FF80671}.AppStore|iPhoneSimulator.Build.0 = AppStore|iPhoneSimulator
		{7C5A91B4-141C-4815-A6BF-E0A65FF80671}.AppStore|x64.ActiveCfg = AppStore|iPhone
		{7C5A91B4-141C-4815-A6BF-E0A65FF80671}.AppStore|x86.ActiveCfg = AppStore|iPhone
		{7C5A91B4-141C-4815-A6BF-E0A65FF80671}.Debug|Any CPU.ActiveCfg = Debug|iPhone
		{7C5A91B4-141C-4815-A6BF-E0A65FF80671}.Debug|ARM.ActiveCfg = Debug|iPhone
		{7C5A91B4-141C-4815-A6BF-E0A65FF80671}.Debug|iPhone.ActiveCfg = Debug|iPhone
		{7C5A91B4-141C-4815-A6BF-E0A65FF80671}.Debug|iPhone.Build.0 = Debug|iPhone
		{7C5A91B4-141C-4815-A6BF-E0A65FF80671}.Debug|iPhoneSimulator.ActiveCfg = Debug|iPhoneSimulator
		{7C5A91B4-141C-4815-A6BF-E0A65FF80671}.Debug|iPhoneSimulator.Build.0 = Debug|iPhoneSimulator
		{7C5A91B4-141C-4815-A6BF-E0A65FF80671}.Debug|x64.ActiveCfg = Debug|iPhone
		{7C5A91B4-141C-4815-A6BF-E0A65FF80671}.Debug|x86.ActiveCfg = Debug|iPhone
		{7C5A91B4-141C-4815-A6BF-E0A65FF80671}.Release|Any CPU.ActiveCfg = Release|iPhone
		{7C5A91B4-141C-4815-A6BF-E0A65FF80671}.Release|ARM.ActiveCfg = Release|iPhone
		{7C5A91B4-141C-4815-A6BF-E0A65FF80671}.Release|iPhone.ActiveCfg = Release|iPhone
		{7C5A91B4-141C-4815-A6BF-E0A65FF80671}.Release|iPhone.Build.0 = Release|iPhone
		{7C5A91B4-141C-4815-A6BF-E0A65FF80671}.Release|iPhoneSimulator.ActiveCfg = Release|iPhoneSimulator
		{7C5A91B4-141C-4815-A6BF-E0A65FF80671}.Release|iPhoneSimulator.Build.0 = Release|iPhoneSimulator
		{7C5A91B4-141C-4815-A6BF-E0A65FF80671}.Release|x64.ActiveCfg = Release|iPhone
		{7C5A91B4-141C-4815-A6BF-E0A65FF80671}.Release|x86.ActiveCfg = Release|iPhone
		{850A1CBD-2637-4921-B54D-ECD5469A701F}.Ad-Hoc|Any CPU.ActiveCfg = Release|Any CPU
		{850A1CBD-2637-4921-B54D-ECD5469A701F}.Ad-Hoc|Any CPU.Build.0 = Release|Any CPU
		{850A1CBD-2637-4921-B54D-ECD5469A701F}.Ad-Hoc|Any CPU.Deploy.0 = Release|Any CPU
		{850A1CBD-2637-4921-B54D-ECD5469A701F}.Ad-Hoc|ARM.ActiveCfg = Release|ARM
		{850A1CBD-2637-4921-B54D-ECD5469A701F}.Ad-Hoc|ARM.Build.0 = Release|ARM
		{850A1CBD-2637-4921-B54D-ECD5469A701F}.Ad-Hoc|ARM.Deploy.0 = Release|ARM
		{850A1CBD-2637-4921-B54D-ECD5469A701F}.Ad-Hoc|iPhone.ActiveCfg = Release|Any CPU
		{850A1CBD-2637-4921-B54D-ECD5469A701F}.Ad-Hoc|iPhone.Build.0 = Release|Any CPU
		{850A1CBD-2637-4921-B54D-ECD5469A701F}.Ad-Hoc|iPhone.Deploy.0 = Release|Any CPU
		{850A1CBD-2637-4921-B54D-ECD5469A701F}.Ad-Hoc|iPhoneSimulator.ActiveCfg = Release|Any CPU
		{850A1CBD-2637-4921-B54D-ECD5469A701F}.Ad-Hoc|iPhoneSimulator.Build.0 = Release|Any CPU
		{850A1CBD-2637-4921-B54D-ECD5469A701F}.Ad-Hoc|iPhoneSimulator.Deploy.0 = Release|Any CPU
		{850A1CBD-2637-4921-B54D-ECD5469A701F}.Ad-Hoc|x64.ActiveCfg = Release|Any CPU
		{850A1CBD-2637-4921-B54D-ECD5469A701F}.Ad-Hoc|x64.Build.0 = Release|Any CPU
		{850A1CBD-2637-4921-B54D-ECD5469A701F}.Ad-Hoc|x64.Deploy.0 = Release|Any CPU
		{850A1CBD-2637-4921-B54D-ECD5469A701F}.Ad-Hoc|x86.ActiveCfg = Release|x86
		{850A1CBD-2637-4921-B54D-ECD5469A701F}.Ad-Hoc|x86.Build.0 = Release|x86
		{850A1CBD-2637-4921-B54D-ECD5469A701F}.Ad-Hoc|x86.Deploy.0 = Release|x86
		{850A1CBD-2637-4921-B54D-ECD5469A701F}.AppStore|Any CPU.ActiveCfg = Release|Any CPU
		{850A1CBD-2637-4921-B54D-ECD5469A701F}.AppStore|Any CPU.Build.0 = Release|Any CPU
		{850A1CBD-2637-4921-B54D-ECD5469A701F}.AppStore|Any CPU.Deploy.0 = Release|Any CPU
		{850A1CBD-2637-4921-B54D-ECD5469A701F}.AppStore|ARM.ActiveCfg = Release|ARM
		{850A1CBD-2637-4921-B54D-ECD5469A701F}.AppStore|ARM.Build.0 = Release|ARM
		{850A1CBD-2637-4921-B54D-ECD5469A701F}.AppStore|ARM.Deploy.0 = Release|ARM
		{850A1CBD-2637-4921-B54D-ECD5469A701F}.AppStore|iPhone.ActiveCfg = Release|Any CPU
		{850A1CBD-2637-4921-B54D-ECD5469A701F}.AppStore|iPhone.Build.0 = Release|Any CPU
		{850A1CBD-2637-4921-B54D-ECD5469A701F}.AppStore|iPhone.Deploy.0 = Release|Any CPU
		{850A1CBD-2637-4921-B54D-ECD5469A701F}.AppStore|iPhoneSimulator.ActiveCfg = Release|Any CPU
		{850A1CBD-2637-4921-B54D-ECD5469A701F}.AppStore|iPhoneSimulator.Build.0 = Release|Any CPU
		{850A1CBD-2637-4921-B54D-ECD5469A701F}.AppStore|iPhoneSimulator.Deploy.0 = Release|Any CPU
		{850A1CBD-2637-4921-B54D-ECD5469A701F}.AppStore|x64.ActiveCfg = Release|Any CPU
		{850A1CBD-2637-4921-B54D-ECD5469A701F}.AppStore|x64.Build.0 = Release|Any CPU
		{850A1CBD-2637-4921-B54D-ECD5469A701F}.AppStore|x64.Deploy.0 = Release|Any CPU
		{850A1CBD-2637-4921-B54D-ECD5469A701F}.AppStore|x86.ActiveCfg = Release|x86
		{850A1CBD-2637-4921-B54D-ECD5469A701F}.AppStore|x86.Build.0 = Release|x86
		{850A1CBD-2637-4921-B54D-ECD5469A701F}.AppStore|x86.Deploy.0 = Release|x86
		{850A1CBD-2637-4921-B54D-ECD5469A701F}.Debug|Any CPU.ActiveCfg = Debug|Any CPU
		{850A1CBD-2637-4921-B54D-ECD5469A701F}.Debug|Any CPU.Build.0 = Debug|Any CPU
		{850A1CBD-2637-4921-B54D-ECD5469A701F}.Debug|Any CPU.Deploy.0 = Debug|Any CPU
		{850A1CBD-2637-4921-B54D-ECD5469A701F}.Debug|ARM.ActiveCfg = Debug|ARM
		{850A1CBD-2637-4921-B54D-ECD5469A701F}.Debug|ARM.Build.0 = Debug|ARM
		{850A1CBD-2637-4921-B54D-ECD5469A701F}.Debug|ARM.Deploy.0 = Debug|ARM
		{850A1CBD-2637-4921-B54D-ECD5469A701F}.Debug|iPhone.ActiveCfg = Debug|Any CPU
		{850A1CBD-2637-4921-B54D-ECD5469A701F}.Debug|iPhone.Build.0 = Debug|Any CPU
		{850A1CBD-2637-4921-B54D-ECD5469A701F}.Debug|iPhone.Deploy.0 = Debug|Any CPU
		{850A1CBD-2637-4921-B54D-ECD5469A701F}.Debug|iPhoneSimulator.ActiveCfg = Debug|Any CPU
		{850A1CBD-2637-4921-B54D-ECD5469A701F}.Debug|iPhoneSimulator.Build.0 = Debug|Any CPU
		{850A1CBD-2637-4921-B54D-ECD5469A701F}.Debug|iPhoneSimulator.Deploy.0 = Debug|Any CPU
		{850A1CBD-2637-4921-B54D-ECD5469A701F}.Debug|x64.ActiveCfg = Debug|Any CPU
		{850A1CBD-2637-4921-B54D-ECD5469A701F}.Debug|x64.Build.0 = Debug|Any CPU
		{850A1CBD-2637-4921-B54D-ECD5469A701F}.Debug|x64.Deploy.0 = Debug|Any CPU
		{850A1CBD-2637-4921-B54D-ECD5469A701F}.Debug|x86.ActiveCfg = Debug|x86
		{850A1CBD-2637-4921-B54D-ECD5469A701F}.Debug|x86.Build.0 = Debug|x86
		{850A1CBD-2637-4921-B54D-ECD5469A701F}.Debug|x86.Deploy.0 = Debug|x86
		{850A1CBD-2637-4921-B54D-ECD5469A701F}.Release|Any CPU.ActiveCfg = Release|Any CPU
		{850A1CBD-2637-4921-B54D-ECD5469A701F}.Release|Any CPU.Build.0 = Release|Any CPU
		{850A1CBD-2637-4921-B54D-ECD5469A701F}.Release|Any CPU.Deploy.0 = Release|Any CPU
		{850A1CBD-2637-4921-B54D-ECD5469A701F}.Release|ARM.ActiveCfg = Release|ARM
		{850A1CBD-2637-4921-B54D-ECD5469A701F}.Release|ARM.Build.0 = Release|ARM
		{850A1CBD-2637-4921-B54D-ECD5469A701F}.Release|ARM.Deploy.0 = Release|ARM
		{850A1CBD-2637-4921-B54D-ECD5469A701F}.Release|iPhone.ActiveCfg = Release|Any CPU
		{850A1CBD-2637-4921-B54D-ECD5469A701F}.Release|iPhone.Build.0 = Release|Any CPU
		{850A1CBD-2637-4921-B54D-ECD5469A701F}.Release|iPhone.Deploy.0 = Release|Any CPU
		{850A1CBD-2637-4921-B54D-ECD5469A701F}.Release|iPhoneSimulator.ActiveCfg = Release|Any CPU
		{850A1CBD-2637-4921-B54D-ECD5469A701F}.Release|iPhoneSimulator.Build.0 = Release|Any CPU
		{850A1CBD-2637-4921-B54D-ECD5469A701F}.Release|iPhoneSimulator.Deploy.0 = Release|Any CPU
		{850A1CBD-2637-4921-B54D-ECD5469A701F}.Release|x64.ActiveCfg = Release|Any CPU
		{850A1CBD-2637-4921-B54D-ECD5469A701F}.Release|x64.Build.0 = Release|Any CPU
		{850A1CBD-2637-4921-B54D-ECD5469A701F}.Release|x64.Deploy.0 = Release|Any CPU
		{850A1CBD-2637-4921-B54D-ECD5469A701F}.Release|x86.ActiveCfg = Release|x86
		{850A1CBD-2637-4921-B54D-ECD5469A701F}.Release|x86.Build.0 = Release|x86
		{850A1CBD-2637-4921-B54D-ECD5469A701F}.Release|x86.Deploy.0 = Release|x86
		{33E6F830-AC21-4224-8BDB-98FF4D7C5344}.Ad-Hoc|Any CPU.ActiveCfg = Release|x86
		{33E6F830-AC21-4224-8BDB-98FF4D7C5344}.Ad-Hoc|Any CPU.Build.0 = Release|x86
		{33E6F830-AC21-4224-8BDB-98FF4D7C5344}.Ad-Hoc|Any CPU.Deploy.0 = Release|x86
		{33E6F830-AC21-4224-8BDB-98FF4D7C5344}.Ad-Hoc|ARM.ActiveCfg = Release|ARM
		{33E6F830-AC21-4224-8BDB-98FF4D7C5344}.Ad-Hoc|ARM.Build.0 = Release|ARM
		{33E6F830-AC21-4224-8BDB-98FF4D7C5344}.Ad-Hoc|ARM.Deploy.0 = Release|ARM
		{33E6F830-AC21-4224-8BDB-98FF4D7C5344}.Ad-Hoc|iPhone.ActiveCfg = Release|x86
		{33E6F830-AC21-4224-8BDB-98FF4D7C5344}.Ad-Hoc|iPhone.Build.0 = Release|x86
		{33E6F830-AC21-4224-8BDB-98FF4D7C5344}.Ad-Hoc|iPhone.Deploy.0 = Release|x86
		{33E6F830-AC21-4224-8BDB-98FF4D7C5344}.Ad-Hoc|iPhoneSimulator.ActiveCfg = Release|x86
		{33E6F830-AC21-4224-8BDB-98FF4D7C5344}.Ad-Hoc|iPhoneSimulator.Build.0 = Release|x86
		{33E6F830-AC21-4224-8BDB-98FF4D7C5344}.Ad-Hoc|iPhoneSimulator.Deploy.0 = Release|x86
		{33E6F830-AC21-4224-8BDB-98FF4D7C5344}.Ad-Hoc|x64.ActiveCfg = Release|x64
		{33E6F830-AC21-4224-8BDB-98FF4D7C5344}.Ad-Hoc|x64.Build.0 = Release|x64
		{33E6F830-AC21-4224-8BDB-98FF4D7C5344}.Ad-Hoc|x64.Deploy.0 = Release|x64
		{33E6F830-AC21-4224-8BDB-98FF4D7C5344}.Ad-Hoc|x86.ActiveCfg = Release|x86
		{33E6F830-AC21-4224-8BDB-98FF4D7C5344}.Ad-Hoc|x86.Build.0 = Release|x86
		{33E6F830-AC21-4224-8BDB-98FF4D7C5344}.Ad-Hoc|x86.Deploy.0 = Release|x86
		{33E6F830-AC21-4224-8BDB-98FF4D7C5344}.AppStore|Any CPU.ActiveCfg = Release|x86
		{33E6F830-AC21-4224-8BDB-98FF4D7C5344}.AppStore|Any CPU.Build.0 = Release|x86
		{33E6F830-AC21-4224-8BDB-98FF4D7C5344}.AppStore|Any CPU.Deploy.0 = Release|x86
		{33E6F830-AC21-4224-8BDB-98FF4D7C5344}.AppStore|ARM.ActiveCfg = Release|ARM
		{33E6F830-AC21-4224-8BDB-98FF4D7C5344}.AppStore|ARM.Build.0 = Release|ARM
		{33E6F830-AC21-4224-8BDB-98FF4D7C5344}.AppStore|ARM.Deploy.0 = Release|ARM
		{33E6F830-AC21-4224-8BDB-98FF4D7C5344}.AppStore|iPhone.ActiveCfg = Release|x86
		{33E6F830-AC21-4224-8BDB-98FF4D7C5344}.AppStore|iPhone.Build.0 = Release|x86
		{33E6F830-AC21-4224-8BDB-98FF4D7C5344}.AppStore|iPhone.Deploy.0 = Release|x86
		{33E6F830-AC21-4224-8BDB-98FF4D7C5344}.AppStore|iPhoneSimulator.ActiveCfg = Release|x86
		{33E6F830-AC21-4224-8BDB-98FF4D7C5344}.AppStore|iPhoneSimulator.Build.0 = Release|x86
		{33E6F830-AC21-4224-8BDB-98FF4D7C5344}.AppStore|iPhoneSimulator.Deploy.0 = Release|x86
		{33E6F830-AC21-4224-8BDB-98FF4D7C5344}.AppStore|x64.ActiveCfg = Release|x64
		{33E6F830-AC21-4224-8BDB-98FF4D7C5344}.AppStore|x64.Build.0 = Release|x64
		{33E6F830-AC21-4224-8BDB-98FF4D7C5344}.AppStore|x64.Deploy.0 = Release|x64
		{33E6F830-AC21-4224-8BDB-98FF4D7C5344}.AppStore|x86.ActiveCfg = Release|x86
		{33E6F830-AC21-4224-8BDB-98FF4D7C5344}.AppStore|x86.Build.0 = Release|x86
		{33E6F830-AC21-4224-8BDB-98FF4D7C5344}.AppStore|x86.Deploy.0 = Release|x86
		{33E6F830-AC21-4224-8BDB-98FF4D7C5344}.Debug|Any CPU.ActiveCfg = Debug|x86
		{33E6F830-AC21-4224-8BDB-98FF4D7C5344}.Debug|ARM.ActiveCfg = Debug|ARM
		{33E6F830-AC21-4224-8BDB-98FF4D7C5344}.Debug|ARM.Build.0 = Debug|ARM
		{33E6F830-AC21-4224-8BDB-98FF4D7C5344}.Debug|ARM.Deploy.0 = Debug|ARM
		{33E6F830-AC21-4224-8BDB-98FF4D7C5344}.Debug|iPhone.ActiveCfg = Debug|x86
		{33E6F830-AC21-4224-8BDB-98FF4D7C5344}.Debug|iPhoneSimulator.ActiveCfg = Debug|x86
		{33E6F830-AC21-4224-8BDB-98FF4D7C5344}.Debug|x64.ActiveCfg = Debug|x64
		{33E6F830-AC21-4224-8BDB-98FF4D7C5344}.Debug|x64.Build.0 = Debug|x64
		{33E6F830-AC21-4224-8BDB-98FF4D7C5344}.Debug|x64.Deploy.0 = Debug|x64
		{33E6F830-AC21-4224-8BDB-98FF4D7C5344}.Debug|x86.ActiveCfg = Debug|x86
		{33E6F830-AC21-4224-8BDB-98FF4D7C5344}.Debug|x86.Build.0 = Debug|x86
		{33E6F830-AC21-4224-8BDB-98FF4D7C5344}.Debug|x86.Deploy.0 = Debug|x86
		{33E6F830-AC21-4224-8BDB-98FF4D7C5344}.Release|Any CPU.ActiveCfg = Release|x86
		{33E6F830-AC21-4224-8BDB-98FF4D7C5344}.Release|ARM.ActiveCfg = Release|ARM
		{33E6F830-AC21-4224-8BDB-98FF4D7C5344}.Release|ARM.Build.0 = Release|ARM
		{33E6F830-AC21-4224-8BDB-98FF4D7C5344}.Release|ARM.Deploy.0 = Release|ARM
		{33E6F830-AC21-4224-8BDB-98FF4D7C5344}.Release|iPhone.ActiveCfg = Release|x86
		{33E6F830-AC21-4224-8BDB-98FF4D7C5344}.Release|iPhoneSimulator.ActiveCfg = Release|x86
		{33E6F830-AC21-4224-8BDB-98FF4D7C5344}.Release|x64.ActiveCfg = Release|x64
		{33E6F830-AC21-4224-8BDB-98FF4D7C5344}.Release|x64.Build.0 = Release|x64
		{33E6F830-AC21-4224-8BDB-98FF4D7C5344}.Release|x64.Deploy.0 = Release|x64
		{33E6F830-AC21-4224-8BDB-98FF4D7C5344}.Release|x86.ActiveCfg = Release|x86
		{33E6F830-AC21-4224-8BDB-98FF4D7C5344}.Release|x86.Build.0 = Release|x86
		{33E6F830-AC21-4224-8BDB-98FF4D7C5344}.Release|x86.Deploy.0 = Release|x86
		{5AA6B4F0-F30B-412C-B504-69D128502F7A}.Ad-Hoc|Any CPU.ActiveCfg = Release|Any CPU
		{5AA6B4F0-F30B-412C-B504-69D128502F7A}.Ad-Hoc|Any CPU.Build.0 = Release|Any CPU
		{5AA6B4F0-F30B-412C-B504-69D128502F7A}.Ad-Hoc|Any CPU.Deploy.0 = Release|Any CPU
		{5AA6B4F0-F30B-412C-B504-69D128502F7A}.Ad-Hoc|ARM.ActiveCfg = Release|ARM
		{5AA6B4F0-F30B-412C-B504-69D128502F7A}.Ad-Hoc|ARM.Build.0 = Release|ARM
		{5AA6B4F0-F30B-412C-B504-69D128502F7A}.Ad-Hoc|ARM.Deploy.0 = Release|ARM
		{5AA6B4F0-F30B-412C-B504-69D128502F7A}.Ad-Hoc|iPhone.ActiveCfg = Release|Any CPU
		{5AA6B4F0-F30B-412C-B504-69D128502F7A}.Ad-Hoc|iPhone.Build.0 = Release|Any CPU
		{5AA6B4F0-F30B-412C-B504-69D128502F7A}.Ad-Hoc|iPhone.Deploy.0 = Release|Any CPU
		{5AA6B4F0-F30B-412C-B504-69D128502F7A}.Ad-Hoc|iPhoneSimulator.ActiveCfg = Release|Any CPU
		{5AA6B4F0-F30B-412C-B504-69D128502F7A}.Ad-Hoc|iPhoneSimulator.Build.0 = Release|Any CPU
		{5AA6B4F0-F30B-412C-B504-69D128502F7A}.Ad-Hoc|iPhoneSimulator.Deploy.0 = Release|Any CPU
		{5AA6B4F0-F30B-412C-B504-69D128502F7A}.Ad-Hoc|x64.ActiveCfg = Release|x64
		{5AA6B4F0-F30B-412C-B504-69D128502F7A}.Ad-Hoc|x64.Build.0 = Release|x64
		{5AA6B4F0-F30B-412C-B504-69D128502F7A}.Ad-Hoc|x64.Deploy.0 = Release|x64
		{5AA6B4F0-F30B-412C-B504-69D128502F7A}.Ad-Hoc|x86.ActiveCfg = Release|x86
		{5AA6B4F0-F30B-412C-B504-69D128502F7A}.Ad-Hoc|x86.Build.0 = Release|x86
		{5AA6B4F0-F30B-412C-B504-69D128502F7A}.Ad-Hoc|x86.Deploy.0 = Release|x86
		{5AA6B4F0-F30B-412C-B504-69D128502F7A}.AppStore|Any CPU.ActiveCfg = Release|Any CPU
		{5AA6B4F0-F30B-412C-B504-69D128502F7A}.AppStore|Any CPU.Build.0 = Release|Any CPU
		{5AA6B4F0-F30B-412C-B504-69D128502F7A}.AppStore|Any CPU.Deploy.0 = Release|Any CPU
		{5AA6B4F0-F30B-412C-B504-69D128502F7A}.AppStore|ARM.ActiveCfg = Release|ARM
		{5AA6B4F0-F30B-412C-B504-69D128502F7A}.AppStore|ARM.Build.0 = Release|ARM
		{5AA6B4F0-F30B-412C-B504-69D128502F7A}.AppStore|ARM.Deploy.0 = Release|ARM
		{5AA6B4F0-F30B-412C-B504-69D128502F7A}.AppStore|iPhone.ActiveCfg = Release|Any CPU
		{5AA6B4F0-F30B-412C-B504-69D128502F7A}.AppStore|iPhone.Build.0 = Release|Any CPU
		{5AA6B4F0-F30B-412C-B504-69D128502F7A}.AppStore|iPhone.Deploy.0 = Release|Any CPU
		{5AA6B4F0-F30B-412C-B504-69D128502F7A}.AppStore|iPhoneSimulator.ActiveCfg = Release|Any CPU
		{5AA6B4F0-F30B-412C-B504-69D128502F7A}.AppStore|iPhoneSimulator.Build.0 = Release|Any CPU
		{5AA6B4F0-F30B-412C-B504-69D128502F7A}.AppStore|iPhoneSimulator.Deploy.0 = Release|Any CPU
		{5AA6B4F0-F30B-412C-B504-69D128502F7A}.AppStore|x64.ActiveCfg = Release|x64
		{5AA6B4F0-F30B-412C-B504-69D128502F7A}.AppStore|x64.Build.0 = Release|x64
		{5AA6B4F0-F30B-412C-B504-69D128502F7A}.AppStore|x64.Deploy.0 = Release|x64
		{5AA6B4F0-F30B-412C-B504-69D128502F7A}.AppStore|x86.ActiveCfg = Release|x86
		{5AA6B4F0-F30B-412C-B504-69D128502F7A}.AppStore|x86.Build.0 = Release|x86
		{5AA6B4F0-F30B-412C-B504-69D128502F7A}.AppStore|x86.Deploy.0 = Release|x86
		{5AA6B4F0-F30B-412C-B504-69D128502F7A}.Debug|Any CPU.ActiveCfg = Debug|Any CPU
		{5AA6B4F0-F30B-412C-B504-69D128502F7A}.Debug|Any CPU.Build.0 = Debug|Any CPU
		{5AA6B4F0-F30B-412C-B504-69D128502F7A}.Debug|Any CPU.Deploy.0 = Debug|Any CPU
		{5AA6B4F0-F30B-412C-B504-69D128502F7A}.Debug|ARM.ActiveCfg = Debug|ARM
		{5AA6B4F0-F30B-412C-B504-69D128502F7A}.Debug|ARM.Build.0 = Debug|ARM
		{5AA6B4F0-F30B-412C-B504-69D128502F7A}.Debug|ARM.Deploy.0 = Debug|ARM
		{5AA6B4F0-F30B-412C-B504-69D128502F7A}.Debug|iPhone.ActiveCfg = Debug|Any CPU
		{5AA6B4F0-F30B-412C-B504-69D128502F7A}.Debug|iPhone.Build.0 = Debug|Any CPU
		{5AA6B4F0-F30B-412C-B504-69D128502F7A}.Debug|iPhone.Deploy.0 = Debug|Any CPU
		{5AA6B4F0-F30B-412C-B504-69D128502F7A}.Debug|iPhoneSimulator.ActiveCfg = Debug|Any CPU
		{5AA6B4F0-F30B-412C-B504-69D128502F7A}.Debug|iPhoneSimulator.Build.0 = Debug|Any CPU
		{5AA6B4F0-F30B-412C-B504-69D128502F7A}.Debug|iPhoneSimulator.Deploy.0 = Debug|Any CPU
		{5AA6B4F0-F30B-412C-B504-69D128502F7A}.Debug|x64.ActiveCfg = Debug|x64
		{5AA6B4F0-F30B-412C-B504-69D128502F7A}.Debug|x64.Build.0 = Debug|x64
		{5AA6B4F0-F30B-412C-B504-69D128502F7A}.Debug|x64.Deploy.0 = Debug|x64
		{5AA6B4F0-F30B-412C-B504-69D128502F7A}.Debug|x86.ActiveCfg = Debug|x86
		{5AA6B4F0-F30B-412C-B504-69D128502F7A}.Debug|x86.Build.0 = Debug|x86
		{5AA6B4F0-F30B-412C-B504-69D128502F7A}.Debug|x86.Deploy.0 = Debug|x86
		{5AA6B4F0-F30B-412C-B504-69D128502F7A}.Release|Any CPU.ActiveCfg = Release|Any CPU
		{5AA6B4F0-F30B-412C-B504-69D128502F7A}.Release|Any CPU.Build.0 = Release|Any CPU
		{5AA6B4F0-F30B-412C-B504-69D128502F7A}.Release|Any CPU.Deploy.0 = Release|Any CPU
		{5AA6B4F0-F30B-412C-B504-69D128502F7A}.Release|ARM.ActiveCfg = Release|ARM
		{5AA6B4F0-F30B-412C-B504-69D128502F7A}.Release|ARM.Build.0 = Release|ARM
		{5AA6B4F0-F30B-412C-B504-69D128502F7A}.Release|ARM.Deploy.0 = Release|ARM
		{5AA6B4F0-F30B-412C-B504-69D128502F7A}.Release|iPhone.ActiveCfg = Release|Any CPU
		{5AA6B4F0-F30B-412C-B504-69D128502F7A}.Release|iPhone.Build.0 = Release|Any CPU
		{5AA6B4F0-F30B-412C-B504-69D128502F7A}.Release|iPhone.Deploy.0 = Release|Any CPU
		{5AA6B4F0-F30B-412C-B504-69D128502F7A}.Release|iPhoneSimulator.ActiveCfg = Release|Any CPU
		{5AA6B4F0-F30B-412C-B504-69D128502F7A}.Release|iPhoneSimulator.Build.0 = Release|Any CPU
		{5AA6B4F0-F30B-412C-B504-69D128502F7A}.Release|iPhoneSimulator.Deploy.0 = Release|Any CPU
		{5AA6B4F0-F30B-412C-B504-69D128502F7A}.Release|x64.ActiveCfg = Release|x64
		{5AA6B4F0-F30B-412C-B504-69D128502F7A}.Release|x64.Build.0 = Release|x64
		{5AA6B4F0-F30B-412C-B504-69D128502F7A}.Release|x64.Deploy.0 = Release|x64
		{5AA6B4F0-F30B-412C-B504-69D128502F7A}.Release|x86.ActiveCfg = Release|x86
		{5AA6B4F0-F30B-412C-B504-69D128502F7A}.Release|x86.Build.0 = Release|x86
		{5AA6B4F0-F30B-412C-B504-69D128502F7A}.Release|x86.Deploy.0 = Release|x86
		{914CD97C-92CB-460C-8046-BC3305DFC6C2}.Ad-Hoc|Any CPU.ActiveCfg = Release|Any CPU
		{914CD97C-92CB-460C-8046-BC3305DFC6C2}.Ad-Hoc|Any CPU.Build.0 = Release|Any CPU
		{914CD97C-92CB-460C-8046-BC3305DFC6C2}.Ad-Hoc|ARM.ActiveCfg = Release|Any CPU
		{914CD97C-92CB-460C-8046-BC3305DFC6C2}.Ad-Hoc|ARM.Build.0 = Release|Any CPU
		{914CD97C-92CB-460C-8046-BC3305DFC6C2}.Ad-Hoc|iPhone.ActiveCfg = Release|Any CPU
		{914CD97C-92CB-460C-8046-BC3305DFC6C2}.Ad-Hoc|iPhone.Build.0 = Release|Any CPU
		{914CD97C-92CB-460C-8046-BC3305DFC6C2}.Ad-Hoc|iPhoneSimulator.ActiveCfg = Release|Any CPU
		{914CD97C-92CB-460C-8046-BC3305DFC6C2}.Ad-Hoc|iPhoneSimulator.Build.0 = Release|Any CPU
		{914CD97C-92CB-460C-8046-BC3305DFC6C2}.Ad-Hoc|x64.ActiveCfg = Release|Any CPU
		{914CD97C-92CB-460C-8046-BC3305DFC6C2}.Ad-Hoc|x64.Build.0 = Release|Any CPU
		{914CD97C-92CB-460C-8046-BC3305DFC6C2}.Ad-Hoc|x86.ActiveCfg = Release|Any CPU
		{914CD97C-92CB-460C-8046-BC3305DFC6C2}.Ad-Hoc|x86.Build.0 = Release|Any CPU
		{914CD97C-92CB-460C-8046-BC3305DFC6C2}.AppStore|Any CPU.ActiveCfg = Release|Any CPU
		{914CD97C-92CB-460C-8046-BC3305DFC6C2}.AppStore|Any CPU.Build.0 = Release|Any CPU
		{914CD97C-92CB-460C-8046-BC3305DFC6C2}.AppStore|ARM.ActiveCfg = Release|Any CPU
		{914CD97C-92CB-460C-8046-BC3305DFC6C2}.AppStore|ARM.Build.0 = Release|Any CPU
		{914CD97C-92CB-460C-8046-BC3305DFC6C2}.AppStore|iPhone.ActiveCfg = Release|Any CPU
		{914CD97C-92CB-460C-8046-BC3305DFC6C2}.AppStore|iPhone.Build.0 = Release|Any CPU
		{914CD97C-92CB-460C-8046-BC3305DFC6C2}.AppStore|iPhoneSimulator.ActiveCfg = Release|Any CPU
		{914CD97C-92CB-460C-8046-BC3305DFC6C2}.AppStore|iPhoneSimulator.Build.0 = Release|Any CPU
		{914CD97C-92CB-460C-8046-BC3305DFC6C2}.AppStore|x64.ActiveCfg = Release|Any CPU
		{914CD97C-92CB-460C-8046-BC3305DFC6C2}.AppStore|x64.Build.0 = Release|Any CPU
		{914CD97C-92CB-460C-8046-BC3305DFC6C2}.AppStore|x86.ActiveCfg = Release|Any CPU
		{914CD97C-92CB-460C-8046-BC3305DFC6C2}.AppStore|x86.Build.0 = Release|Any CPU
		{914CD97C-92CB-460C-8046-BC3305DFC6C2}.Debug|Any CPU.ActiveCfg = Debug|Any CPU
		{914CD97C-92CB-460C-8046-BC3305DFC6C2}.Debug|Any CPU.Build.0 = Debug|Any CPU
		{914CD97C-92CB-460C-8046-BC3305DFC6C2}.Debug|ARM.ActiveCfg = Debug|Any CPU
		{914CD97C-92CB-460C-8046-BC3305DFC6C2}.Debug|ARM.Build.0 = Debug|Any CPU
		{914CD97C-92CB-460C-8046-BC3305DFC6C2}.Debug|iPhone.ActiveCfg = Debug|Any CPU
		{914CD97C-92CB-460C-8046-BC3305DFC6C2}.Debug|iPhone.Build.0 = Debug|Any CPU
		{914CD97C-92CB-460C-8046-BC3305DFC6C2}.Debug|iPhoneSimulator.ActiveCfg = Debug|Any CPU
		{914CD97C-92CB-460C-8046-BC3305DFC6C2}.Debug|iPhoneSimulator.Build.0 = Debug|Any CPU
		{914CD97C-92CB-460C-8046-BC3305DFC6C2}.Debug|x64.ActiveCfg = Debug|Any CPU
		{914CD97C-92CB-460C-8046-BC3305DFC6C2}.Debug|x64.Build.0 = Debug|Any CPU
		{914CD97C-92CB-460C-8046-BC3305DFC6C2}.Debug|x86.ActiveCfg = Debug|Any CPU
		{914CD97C-92CB-460C-8046-BC3305DFC6C2}.Debug|x86.Build.0 = Debug|Any CPU
		{914CD97C-92CB-460C-8046-BC3305DFC6C2}.Release|Any CPU.ActiveCfg = Release|Any CPU
		{914CD97C-92CB-460C-8046-BC3305DFC6C2}.Release|Any CPU.Build.0 = Release|Any CPU
		{914CD97C-92CB-460C-8046-BC3305DFC6C2}.Release|ARM.ActiveCfg = Release|Any CPU
		{914CD97C-92CB-460C-8046-BC3305DFC6C2}.Release|ARM.Build.0 = Release|Any CPU
		{914CD97C-92CB-460C-8046-BC3305DFC6C2}.Release|iPhone.ActiveCfg = Release|Any CPU
		{914CD97C-92CB-460C-8046-BC3305DFC6C2}.Release|iPhone.Build.0 = Release|Any CPU
		{914CD97C-92CB-460C-8046-BC3305DFC6C2}.Release|iPhoneSimulator.ActiveCfg = Release|Any CPU
		{914CD97C-92CB-460C-8046-BC3305DFC6C2}.Release|iPhoneSimulator.Build.0 = Release|Any CPU
		{914CD97C-92CB-460C-8046-BC3305DFC6C2}.Release|x64.ActiveCfg = Release|Any CPU
		{914CD97C-92CB-460C-8046-BC3305DFC6C2}.Release|x64.Build.0 = Release|Any CPU
		{914CD97C-92CB-460C-8046-BC3305DFC6C2}.Release|x86.ActiveCfg = Release|Any CPU
		{914CD97C-92CB-460C-8046-BC3305DFC6C2}.Release|x86.Build.0 = Release|Any CPU
	EndGlobalSection
	GlobalSection(SolutionProperties) = preSolution
		HideSolutionNode = FALSE
	EndGlobalSection
EndGlobal
